<?xml version="1.0" encoding="utf-8"?>
<Project ToolsVersion="4.0" xmlns="http://schemas.microsoft.com/developer/msbuild/2003">
  <ItemGroup>
    <Filter Include="src">
      <UniqueIdentifier>{f3659e1b-7a77-4cf8-905f-8e8ec6eff6c2}</UniqueIdentifier>
    </Filter>
    <Filter Include="include">
      <UniqueIdentifier>{45686b68-feee-4782-9ca2-37af391b0c16}</UniqueIdentifier>
    </Filter>
    <Filter Include="include\JUCE">
      <UniqueIdentifier>{2eb59115-402b-4474-b9a4-f5f44fd68b2c}</UniqueIdentifier>
    </Filter>
    <Filter Include="include\rapidjson">
      <UniqueIdentifier>{7c622a29-1bb0-4366-83e3-f57de9db8ac4}</UniqueIdentifier>
    </Filter>
    <Filter Include="images">
      <UniqueIdentifier>{e2e13148-f5f7-4427-b0f5-bd6b23370167}</UniqueIdentifier>
    </Filter>
  </ItemGroup>
  <ItemGroup>
    <ClCompile Include="src\ConfigFileHandler.cpp">
      <Filter>src</Filter>
    </ClCompile>
    <ClCompile Include="src\Main.cpp">
      <Filter>src</Filter>
    </ClCompile>
    <ClCompile Include="src\ReaperRenderQueParser.cpp">
      <Filter>src</Filter>
    </ClCompile>
    <ClCompile Include="src\WaapiConnect.cpp">
      <Filter>src</Filter>
    </ClCompile>
    <ClCompile Include="src\WaapiFunctions.cpp">
      <Filter>src</Filter>
    </ClCompile>
    <ClCompile Include="include\JUCE\include_juce_core.cpp">
      <Filter>include\JUCE</Filter>
    </ClCompile>
    <ClCompile Include="include\JUCE\include_juce_data_structures.cpp">
      <Filter>include\JUCE</Filter>
    </ClCompile>
    <ClCompile Include="include\JUCE\include_juce_events.cpp">
      <Filter>include\JUCE</Filter>
    </ClCompile>
    <ClCompile Include="include\JUCE\include_juce_graphics.cpp">
      <Filter>include\JUCE</Filter>
    </ClCompile>
    <ClCompile Include="include\JUCE\include_juce_gui_basics.cpp">
      <Filter>include\JUCE</Filter>
    </ClCompile>
    <ClCompile Include="src\gui_Transfer.cpp">
      <Filter>src</Filter>
    </ClCompile>
    <ClCompile Include="src\WwiseConnectionHandler.cpp">
      <Filter>src</Filter>
    </ClCompile>
    <ClCompile Include="src\CreateImportWindow.cpp">
      <Filter>src</Filter>
    </ClCompile>
    <ClCompile Include="src\gui_create.cpp">
      <Filter>src</Filter>
    </ClCompile>
    <ClCompile Include="include\pugixml.cpp">
      <Filter>include</Filter>
    </ClCompile>
    <ClCompile Include="src\workunithelper.cpp">
      <Filter>src</Filter>
    </ClCompile>
    <ClCompile Include="src\gui_RegionMetadata.cpp">
      <Filter>src</Filter>
    </ClCompile>
    <ClCompile Include="src\RegionMetadataHelper.cpp">
      <Filter>src</Filter>
    </ClCompile>
    <ClCompile Include="src\gui_reconformer.cpp">
      <Filter>src</Filter>
    </ClCompile>
    <ClCompile Include="src\EDL_Conformer.cpp">
      <Filter>src</Filter>
    </ClCompile>
    <ClCompile Include="images\cog.cpp">
      <Filter>images</Filter>
    </ClCompile>
    <ClCompile Include="src\gui_settings.cpp">
      <Filter>src</Filter>
    </ClCompile>
    <ClCompile Include="src\platformhelpers.cpp">
      <Filter>src</Filter>
    </ClCompile>
    <ClCompile Include="src\gui_assembler.cpp">
      <Filter>src</Filter>
    </ClCompile>
  </ItemGroup>
  <ItemGroup>
    <None Include="include\JUCE\include_juce_core.mm">
      <Filter>include\JUCE</Filter>
    </None>
    <None Include="include\JUCE\include_juce_data_structures.mm">
      <Filter>include\JUCE</Filter>
    </None>
    <None Include="include\JUCE\include_juce_events.mm">
      <Filter>include\JUCE</Filter>
    </None>
    <None Include="include\JUCE\include_juce_graphics.mm">
      <Filter>include\JUCE</Filter>
    </None>
    <None Include="include\JUCE\include_juce_gui_basics.mm">
      <Filter>include\JUCE</Filter>
    </None>
  </ItemGroup>
  <ItemGroup>
    <ClInclude Include="include\JUCE\AppConfig.h">
      <Filter>include\JUCE</Filter>
    </ClInclude>
    <ClInclude Include="include\JUCE\JuceHeader.h">
      <Filter>include\JUCE</Filter>
    </ClInclude>
    <ClInclude Include="include\rapidjson\allocators.h">
      <Filter>include\rapidjson</Filter>
    </ClInclude>
    <ClInclude Include="include\rapidjson\cursorstreamwrapper.h">
      <Filter>include\rapidjson</Filter>
    </ClInclude>
    <ClInclude Include="include\rapidjson\document.h">
      <Filter>include\rapidjson</Filter>
    </ClInclude>
    <ClInclude Include="include\rapidjson\encodedstream.h">
      <Filter>include\rapidjson</Filter>
    </ClInclude>
    <ClInclude Include="include\rapidjson\encodings.h">
      <Filter>include\rapidjson</Filter>
    </ClInclude>
    <ClInclude Include="include\rapidjson\error\en.h">
      <Filter>include\rapidjson</Filter>
    </ClInclude>
    <ClInclude Include="include\rapidjson\error\error.h">
      <Filter>include\rapidjson</Filter>
    </ClInclude>
    <ClInclude Include="include\rapidjson\filereadstream.h">
      <Filter>include\rapidjson</Filter>
    </ClInclude>
    <ClInclude Include="include\rapidjson\filewritestream.h">
      <Filter>include\rapidjson</Filter>
    </ClInclude>
    <ClInclude Include="include\rapidjson\fwd.h">
      <Filter>include\rapidjson</Filter>
    </ClInclude>
    <ClInclude Include="include\rapidjson\internal\biginteger.h">
      <Filter>include\rapidjson</Filter>
    </ClInclude>
    <ClInclude Include="include\rapidjson\internal\clzll.h">
      <Filter>include\rapidjson</Filter>
    </ClInclude>
    <ClInclude Include="include\rapidjson\internal\diyfp.h">
      <Filter>include\rapidjson</Filter>
    </ClInclude>
    <ClInclude Include="include\rapidjson\internal\dtoa.h">
      <Filter>include\rapidjson</Filter>
    </ClInclude>
    <ClInclude Include="include\rapidjson\internal\ieee754.h">
      <Filter>include\rapidjson</Filter>
    </ClInclude>
    <ClInclude Include="include\rapidjson\internal\itoa.h">
      <Filter>include\rapidjson</Filter>
    </ClInclude>
    <ClInclude Include="include\rapidjson\internal\meta.h">
      <Filter>include\rapidjson</Filter>
    </ClInclude>
    <ClInclude Include="include\rapidjson\internal\pow10.h">
      <Filter>include\rapidjson</Filter>
    </ClInclude>
    <ClInclude Include="include\rapidjson\internal\regex.h">
      <Filter>include\rapidjson</Filter>
    </ClInclude>
    <ClInclude Include="include\rapidjson\internal\stack.h">
      <Filter>include\rapidjson</Filter>
    </ClInclude>
    <ClInclude Include="include\rapidjson\internal\strfunc.h">
      <Filter>include\rapidjson</Filter>
    </ClInclude>
    <ClInclude Include="include\rapidjson\internal\strtod.h">
      <Filter>include\rapidjson</Filter>
    </ClInclude>
    <ClInclude Include="include\rapidjson\internal\swap.h">
      <Filter>include\rapidjson</Filter>
    </ClInclude>
    <ClInclude Include="include\rapidjson\istreamwrapper.h">
      <Filter>include\rapidjson</Filter>
    </ClInclude>
    <ClInclude Include="include\rapidjson\memorybuffer.h">
      <Filter>include\rapidjson</Filter>
    </ClInclude>
    <ClInclude Include="include\rapidjson\memorystream.h">
      <Filter>include\rapidjson</Filter>
    </ClInclude>
    <ClInclude Include="include\rapidjson\msinttypes\inttypes.h">
      <Filter>include\rapidjson</Filter>
    </ClInclude>
    <ClInclude Include="include\rapidjson\msinttypes\stdint.h">
      <Filter>include\rapidjson</Filter>
    </ClInclude>
    <ClInclude Include="include\rapidjson\ostreamwrapper.h">
      <Filter>include\rapidjson</Filter>
    </ClInclude>
    <ClInclude Include="include\rapidjson\pointer.h">
      <Filter>include\rapidjson</Filter>
    </ClInclude>
    <ClInclude Include="include\rapidjson\prettywriter.h">
      <Filter>include\rapidjson</Filter>
    </ClInclude>
    <ClInclude Include="include\rapidjson\rapidjson.h">
      <Filter>include\rapidjson</Filter>
    </ClInclude>
    <ClInclude Include="include\rapidjson\reader.h">
      <Filter>include\rapidjson</Filter>
    </ClInclude>
    <ClInclude Include="include\rapidjson\schema.h">
      <Filter>include\rapidjson</Filter>
    </ClInclude>
    <ClInclude Include="include\rapidjson\stream.h">
      <Filter>include\rapidjson</Filter>
    </ClInclude>
    <ClInclude Include="include\rapidjson\stringbuffer.h">
      <Filter>include\rapidjson</Filter>
    </ClInclude>
    <ClInclude Include="include\rapidjson\writer.h">
      <Filter>include\rapidjson</Filter>
    </ClInclude>
    <ClInclude Include="include\ConfigFileHandler.h">
      <Filter>include</Filter>
    </ClInclude>
    <ClInclude Include="include\GUI.h">
      <Filter>include</Filter>
    </ClInclude>
    <ClInclude Include="include\gui_RenderTree.h">
      <Filter>include</Filter>
    </ClInclude>
    <ClInclude Include="include\gui_Transfer.h">
      <Filter>include</Filter>
    </ClInclude>
    <ClInclude Include="include\platformhelpers.h">
      <Filter>include</Filter>
    </ClInclude>
    <ClInclude Include="include\RapidJsonUtils.h">
      <Filter>include</Filter>
    </ClInclude>
    <ClInclude Include="include\reaper_plugin.h">
      <Filter>include</Filter>
    </ClInclude>
    <ClInclude Include="include\reaper_plugin_functions.h">
      <Filter>include</Filter>
    </ClInclude>
    <ClInclude Include="include\reaperHelpers.h">
      <Filter>include</Filter>
    </ClInclude>
    <ClInclude Include="include\ReaperRenderQueParser.h">
      <Filter>include</Filter>
    </ClInclude>
    <ClInclude Include="include\waapi_structs.h">
      <Filter>include</Filter>
    </ClInclude>
    <ClInclude Include="include\WaapiConnect.h">
      <Filter>include</Filter>
    </ClInclude>
    <ClInclude Include="include\WaapiFunctions.h">
      <Filter>include</Filter>
    </ClInclude>
    <ClInclude Include="include\WwiseConnectionHandler.h">
      <Filter>include</Filter>
    </ClInclude>
    <ClInclude Include="include\gui_properties.h">
      <Filter>include</Filter>
    </ClInclude>
    <ClInclude Include="include\gui_create.h">
      <Filter>include</Filter>
    </ClInclude>
    <ClInclude Include="include\pugixml.hpp">
      <Filter>include</Filter>
    </ClInclude>
    <ClInclude Include="include\workunithelper.h">
      <Filter>include</Filter>
    </ClInclude>
    <ClInclude Include="include\pugiconfig.hpp">
      <Filter>include</Filter>
    </ClInclude>
    <ClInclude Include="include\json.hpp">
      <Filter>include</Filter>
    </ClInclude>
    <ClInclude Include="include\gui_RegionMetadata.h">
      <Filter>include</Filter>
    </ClInclude>
    <ClInclude Include="include\RegionMetadataHelper.h">
      <Filter>include</Filter>
    </ClInclude>
    <ClInclude Include="include\gui_reconformer.h">
      <Filter>include</Filter>
    </ClInclude>
    <ClInclude Include="include\EDL_Conformer.h">
      <Filter>include</Filter>
    </ClInclude>
    <ClInclude Include="images\cog.h">
      <Filter>images</Filter>
    </ClInclude>
    <ClInclude Include="include\gui_settings.h">
      <Filter>include</Filter>
    </ClInclude>
    <ClInclude Include="include\versioning.h">
      <Filter>include</Filter>
    </ClInclude>
    <ClInclude Include="include\settings_structs.h">
      <Filter>include</Filter>
    </ClInclude>
  </ItemGroup>
</Project>